// !$*UTF8*$!
{
	archiveVersion = 1;
	classes = {
	};
	objectVersion = 55;
	objects = {

/* Begin PBXBuildFile section */
		C4D0097D29309373003C6733 /* MovieAppTestDrivenApp.swift in Sources */ = {isa = PBXBuildFile; fileRef = C4D0097C29309373003C6733 /* MovieAppTestDrivenApp.swift */; };
		C4D0097F29309373003C6733 /* ContentView.swift in Sources */ = {isa = PBXBuildFile; fileRef = C4D0097E29309373003C6733 /* ContentView.swift */; };
		C4D0098129309376003C6733 /* Assets.xcassets in Resources */ = {isa = PBXBuildFile; fileRef = C4D0098029309376003C6733 /* Assets.xcassets */; };
		C4D0098429309376003C6733 /* Preview Assets.xcassets in Resources */ = {isa = PBXBuildFile; fileRef = C4D0098329309376003C6733 /* Preview Assets.xcassets */; };
		C4D0099829309377003C6733 /* MovieAppTestDrivenUITests.swift in Sources */ = {isa = PBXBuildFile; fileRef = C4D0099729309377003C6733 /* MovieAppTestDrivenUITests.swift */; };
		C4D009A6293113B9003C6733 /* FilmFestLabel.swift in Sources */ = {isa = PBXBuildFile; fileRef = C4D009A5293113B9003C6733 /* FilmFestLabel.swift */; };
		C4DA858429311BFC0024928B /* MovieStructTest.swift in Sources */ = {isa = PBXBuildFile; fileRef = C4DA858329311BFC0024928B /* MovieStructTest.swift */; };
		C4DA8587293120790024928B /* Movie.swift in Sources */ = {isa = PBXBuildFile; fileRef = C4DA8586293120790024928B /* Movie.swift */; };
		C4DA858B293126420024928B /* MovieManagerTests.swift in Sources */ = {isa = PBXBuildFile; fileRef = C4DA858A293126420024928B /* MovieManagerTests.swift */; };
		C4DA858D293127880024928B /* MovieManager.swift in Sources */ = {isa = PBXBuildFile; fileRef = C4DA858C293127880024928B /* MovieManager.swift */; };
/* End PBXBuildFile section */

/* Begin PBXContainerItemProxy section */
		C4D0098A29309377003C6733 /* PBXContainerItemProxy */ = {
			isa = PBXContainerItemProxy;
			containerPortal = C4D0097129309373003C6733 /* Project object */;
			proxyType = 1;
			remoteGlobalIDString = C4D0097829309373003C6733;
			remoteInfo = MovieAppTestDriven;
		};
		C4D0099429309377003C6733 /* PBXContainerItemProxy */ = {
			isa = PBXContainerItemProxy;
			containerPortal = C4D0097129309373003C6733 /* Project object */;
			proxyType = 1;
			remoteGlobalIDString = C4D0097829309373003C6733;
			remoteInfo = MovieAppTestDriven;
		};
/* End PBXContainerItemProxy section */

/* Begin PBXFileReference section */
		C4D0097929309373003C6733 /* MovieAppTestDriven.app */ = {isa = PBXFileReference; explicitFileType = wrapper.application; includeInIndex = 0; path = MovieAppTestDriven.app; sourceTree = BUILT_PRODUCTS_DIR; };
		C4D0097C29309373003C6733 /* MovieAppTestDrivenApp.swift */ = {isa = PBXFileReference; lastKnownFileType = sourcecode.swift; path = MovieAppTestDrivenApp.swift; sourceTree = "<group>"; };
		C4D0097E29309373003C6733 /* ContentView.swift */ = {isa = PBXFileReference; lastKnownFileType = sourcecode.swift; path = ContentView.swift; sourceTree = "<group>"; };
		C4D0098029309376003C6733 /* Assets.xcassets */ = {isa = PBXFileReference; lastKnownFileType = folder.assetcatalog; path = Assets.xcassets; sourceTree = "<group>"; };
		C4D0098329309376003C6733 /* Preview Assets.xcassets */ = {isa = PBXFileReference; lastKnownFileType = folder.assetcatalog; path = "Preview Assets.xcassets"; sourceTree = "<group>"; };
		C4D0098929309377003C6733 /* MovieAppTestDrivenTests.xctest */ = {isa = PBXFileReference; explicitFileType = wrapper.cfbundle; includeInIndex = 0; path = MovieAppTestDrivenTests.xctest; sourceTree = BUILT_PRODUCTS_DIR; };
		C4D0099329309377003C6733 /* MovieAppTestDrivenUITests.xctest */ = {isa = PBXFileReference; explicitFileType = wrapper.cfbundle; includeInIndex = 0; path = MovieAppTestDrivenUITests.xctest; sourceTree = BUILT_PRODUCTS_DIR; };
		C4D0099729309377003C6733 /* MovieAppTestDrivenUITests.swift */ = {isa = PBXFileReference; lastKnownFileType = sourcecode.swift; path = MovieAppTestDrivenUITests.swift; sourceTree = "<group>"; };
		C4D009A5293113B9003C6733 /* FilmFestLabel.swift */ = {isa = PBXFileReference; lastKnownFileType = sourcecode.swift; path = FilmFestLabel.swift; sourceTree = "<group>"; };
		C4DA858329311BFC0024928B /* MovieStructTest.swift */ = {isa = PBXFileReference; lastKnownFileType = sourcecode.swift; path = MovieStructTest.swift; sourceTree = "<group>"; };
		C4DA8586293120790024928B /* Movie.swift */ = {isa = PBXFileReference; lastKnownFileType = sourcecode.swift; path = Movie.swift; sourceTree = "<group>"; };
		C4DA858A293126420024928B /* MovieManagerTests.swift */ = {isa = PBXFileReference; lastKnownFileType = sourcecode.swift; path = MovieManagerTests.swift; sourceTree = "<group>"; };
		C4DA858C293127880024928B /* MovieManager.swift */ = {isa = PBXFileReference; lastKnownFileType = sourcecode.swift; path = MovieManager.swift; sourceTree = "<group>"; };
/* End PBXFileReference section */

/* Begin PBXFrameworksBuildPhase section */
		C4D0097629309373003C6733 /* Frameworks */ = {
			isa = PBXFrameworksBuildPhase;
			buildActionMask = 2147483647;
			files = (
			);
			runOnlyForDeploymentPostprocessing = 0;
		};
		C4D0098629309377003C6733 /* Frameworks */ = {
			isa = PBXFrameworksBuildPhase;
			buildActionMask = 2147483647;
			files = (
			);
			runOnlyForDeploymentPostprocessing = 0;
		};
		C4D0099029309377003C6733 /* Frameworks */ = {
			isa = PBXFrameworksBuildPhase;
			buildActionMask = 2147483647;
			files = (
			);
			runOnlyForDeploymentPostprocessing = 0;
		};
/* End PBXFrameworksBuildPhase section */

/* Begin PBXGroup section */
		C42C569E2936694D00BF266D /* View */ = {
			isa = PBXGroup;
			children = (
				C4D0097E29309373003C6733 /* ContentView.swift */,
				C4D009A5293113B9003C6733 /* FilmFestLabel.swift */,
			);
			path = View;
			sourceTree = "<group>";
		};
		C4D0097029309373003C6733 = {
			isa = PBXGroup;
			children = (
				C4D0097B29309373003C6733 /* MovieAppTestDriven */,
				C4D0098C29309377003C6733 /* MovieAppTestDrivenTests */,
				C4D0099629309377003C6733 /* MovieAppTestDrivenUITests */,
				C4D0097A29309373003C6733 /* Products */,
			);
			sourceTree = "<group>";
		};
		C4D0097A29309373003C6733 /* Products */ = {
			isa = PBXGroup;
			children = (
				C4D0097929309373003C6733 /* MovieAppTestDriven.app */,
				C4D0098929309377003C6733 /* MovieAppTestDrivenTests.xctest */,
				C4D0099329309377003C6733 /* MovieAppTestDrivenUITests.xctest */,
			);
			name = Products;
			sourceTree = "<group>";
		};
		C4D0097B29309373003C6733 /* MovieAppTestDriven */ = {
			isa = PBXGroup;
			children = (
				C4D0097C29309373003C6733 /* MovieAppTestDrivenApp.swift */,
				C42C569E2936694D00BF266D /* View */,
				C4D009A42931139B003C6733 /* ViewModel */,
				C4DA85852931205C0024928B /* Model */,
				C4D0098029309376003C6733 /* Assets.xcassets */,
				C4D0098229309376003C6733 /* Preview Content */,
			);
			path = MovieAppTestDriven;
			sourceTree = "<group>";
		};
		C4D0098229309376003C6733 /* Preview Content */ = {
			isa = PBXGroup;
			children = (
				C4D0098329309376003C6733 /* Preview Assets.xcassets */,
			);
			path = "Preview Content";
			sourceTree = "<group>";
		};
		C4D0098C29309377003C6733 /* MovieAppTestDrivenTests */ = {
			isa = PBXGroup;
			children = (
				C4DA8589293124B60024928B /* TestViewModel */,
				C4DA8588293124AD0024928B /* TestModel */,
			);
			path = MovieAppTestDrivenTests;
			sourceTree = "<group>";
		};
		C4D0099629309377003C6733 /* MovieAppTestDrivenUITests */ = {
			isa = PBXGroup;
			children = (
				C4D0099729309377003C6733 /* MovieAppTestDrivenUITests.swift */,
			);
			path = MovieAppTestDrivenUITests;
			sourceTree = "<group>";
		};
		C4D009A42931139B003C6733 /* ViewModel */ = {
			isa = PBXGroup;
			children = (
				C4DA858C293127880024928B /* MovieManager.swift */,
			);
			path = ViewModel;
			sourceTree = "<group>";
		};
		C4DA85852931205C0024928B /* Model */ = {
			isa = PBXGroup;
			children = (
				C4DA8586293120790024928B /* Movie.swift */,
			);
			path = Model;
			sourceTree = "<group>";
		};
		C4DA8588293124AD0024928B /* TestModel */ = {
			isa = PBXGroup;
			children = (
				C4DA858329311BFC0024928B /* MovieStructTest.swift */,
				C4DA858A293126420024928B /* MovieManagerTests.swift */,
			);
			path = TestModel;
			sourceTree = "<group>";
		};
		C4DA8589293124B60024928B /* TestViewModel */ = {
			isa = PBXGroup;
			children = (
			);
			path = TestViewModel;
			sourceTree = "<group>";
		};
/* End PBXGroup section */

/* Begin PBXNativeTarget section */
		C4D0097829309373003C6733 /* MovieAppTestDriven */ = {
			isa = PBXNativeTarget;
			buildConfigurationList = C4D0099B29309377003C6733 /* Build configuration list for PBXNativeTarget "MovieAppTestDriven" */;
			buildPhases = (
				C4D0097529309373003C6733 /* Sources */,
				C4D0097629309373003C6733 /* Frameworks */,
				C4D0097729309373003C6733 /* Resources */,
			);
			buildRules = (
			);
			dependencies = (
			);
			name = MovieAppTestDriven;
			productName = MovieAppTestDriven;
			productReference = C4D0097929309373003C6733 /* MovieAppTestDriven.app */;
			productType = "com.apple.product-type.application";
		};
		C4D0098829309377003C6733 /* MovieAppTestDrivenTests */ = {
			isa = PBXNativeTarget;
			buildConfigurationList = C4D0099E29309377003C6733 /* Build configuration list for PBXNativeTarget "MovieAppTestDrivenTests" */;
			buildPhases = (
				C4D0098529309377003C6733 /* Sources */,
				C4D0098629309377003C6733 /* Frameworks */,
				C4D0098729309377003C6733 /* Resources */,
			);
			buildRules = (
			);
			dependencies = (
				C4D0098B29309377003C6733 /* PBXTargetDependency */,
			);
			name = MovieAppTestDrivenTests;
			productName = MovieAppTestDrivenTests;
			productReference = C4D0098929309377003C6733 /* MovieAppTestDrivenTests.xctest */;
			productType = "com.apple.product-type.bundle.unit-test";
		};
		C4D0099229309377003C6733 /* MovieAppTestDrivenUITests */ = {
			isa = PBXNativeTarget;
			buildConfigurationList = C4D009A129309377003C6733 /* Build configuration list for PBXNativeTarget "MovieAppTestDrivenUITests" */;
			buildPhases = (
				C4D0098F29309377003C6733 /* Sources */,
				C4D0099029309377003C6733 /* Frameworks */,
				C4D0099129309377003C6733 /* Resources */,
			);
			buildRules = (
			);
			dependencies = (
				C4D0099529309377003C6733 /* PBXTargetDependency */,
			);
			name = MovieAppTestDrivenUITests;
			productName = MovieAppTestDrivenUITests;
			productReference = C4D0099329309377003C6733 /* MovieAppTestDrivenUITests.xctest */;
			productType = "com.apple.product-type.bundle.ui-testing";
		};
/* End PBXNativeTarget section */

/* Begin PBXProject section */
		C4D0097129309373003C6733 /* Project object */ = {
			isa = PBXProject;
			attributes = {
				BuildIndependentTargetsInParallel = 1;
				LastSwiftUpdateCheck = 1300;
				LastUpgradeCheck = 1300;
				TargetAttributes = {
					C4D0097829309373003C6733 = {
						CreatedOnToolsVersion = 13.0;
					};
					C4D0098829309377003C6733 = {
						CreatedOnToolsVersion = 13.0;
						TestTargetID = C4D0097829309373003C6733;
					};
					C4D0099229309377003C6733 = {
						CreatedOnToolsVersion = 13.0;
						TestTargetID = C4D0097829309373003C6733;
					};
				};
			};
			buildConfigurationList = C4D0097429309373003C6733 /* Build configuration list for PBXProject "MovieAppTestDriven" */;
			compatibilityVersion = "Xcode 13.0";
			developmentRegion = en;
			hasScannedForEncodings = 0;
			knownRegions = (
				en,
				Base,
			);
			mainGroup = C4D0097029309373003C6733;
			productRefGroup = C4D0097A29309373003C6733 /* Products */;
			projectDirPath = "";
			projectRoot = "";
			targets = (
				C4D0097829309373003C6733 /* MovieAppTestDriven */,
				C4D0098829309377003C6733 /* MovieAppTestDrivenTests */,
				C4D0099229309377003C6733 /* MovieAppTestDrivenUITests */,
			);
		};
/* End PBXProject section */

/* Begin PBXResourcesBuildPhase section */
		C4D0097729309373003C6733 /* Resources */ = {
			isa = PBXResourcesBuildPhase;
			buildActionMask = 2147483647;
			files = (
				C4D0098429309376003C6733 /* Preview Assets.xcassets in Resources */,
				C4D0098129309376003C6733 /* Assets.xcassets in Resources */,
			);
			runOnlyForDeploymentPostprocessing = 0;
		};
		C4D0098729309377003C6733 /* Resources */ = {
			isa = PBXResourcesBuildPhase;
			buildActionMask = 2147483647;
			files = (
			);
			runOnlyForDeploymentPostprocessing = 0;
		};
		C4D0099129309377003C6733 /* Resources */ = {
			isa = PBXResourcesBuildPhase;
			buildActionMask = 2147483647;
			files = (
			);
			runOnlyForDeploymentPostprocessing = 0;
		};
/* End PBXResourcesBuildPhase section */

/* Begin PBXSourcesBuildPhase section */
		C4D0097529309373003C6733 /* Sources */ = {
			isa = PBXSourcesBuildPhase;
			buildActionMask = 2147483647;
			files = (
				C4D0097F29309373003C6733 /* ContentView.swift in Sources */,
				C4D0097D29309373003C6733 /* MovieAppTestDrivenApp.swift in Sources */,
				C4DA858D293127880024928B /* MovieManager.swift in Sources */,
				C4DA8587293120790024928B /* Movie.swift in Sources */,
				C4D009A6293113B9003C6733 /* FilmFestLabel.swift in Sources */,
			);
			runOnlyForDeploymentPostprocessing = 0;
		};
		C4D0098529309377003C6733 /* Sources */ = {
			isa = PBXSourcesBuildPhase;
			buildActionMask = 2147483647;
			files = (
				C4DA858B293126420024928B /* MovieManagerTests.swift in Sources */,
				C4DA858429311BFC0024928B /* MovieStructTest.swift in Sources */,
			);
			runOnlyForDeploymentPostprocessing = 0;
		};
		C4D0098F29309377003C6733 /* Sources */ = {
			isa = PBXSourcesBuildPhase;
			buildActionMask = 2147483647;
			files = (
				C4D0099829309377003C6733 /* MovieAppTestDrivenUITests.swift in Sources */,
			);
			runOnlyForDeploymentPostprocessing = 0;
		};
/* End PBXSourcesBuildPhase section */

/* Begin PBXTargetDependency section */
		C4D0098B29309377003C6733 /* PBXTargetDependency */ = {
			isa = PBXTargetDependency;
			target = C4D0097829309373003C6733 /* MovieAppTestDriven */;
			targetProxy = C4D0098A29309377003C6733 /* PBXContainerItemProxy */;
		};
		C4D0099529309377003C6733 /* PBXTargetDependency */ = {
			isa = PBXTargetDependency;
			target = C4D0097829309373003C6733 /* MovieAppTestDriven */;
			targetProxy = C4D0099429309377003C6733 /* PBXContainerItemProxy */;
		};
/* End PBXTargetDependency section */

/* Begin XCBuildConfiguration section */
		C4D0099929309377003C6733 /* Debug */ = {
			isa = XCBuildConfiguration;
			buildSettings = {
				ALWAYS_SEARCH_USER_PATHS = NO;
				CLANG_ANALYZER_NONNULL = YES;
				CLANG_ANALYZER_NUMBER_OBJECT_CONVERSION = YES_AGGRESSIVE;
				CLANG_CXX_LANGUAGE_STANDARD = "gnu++17";
				CLANG_CXX_LIBRARY = "libc++";
				CLANG_ENABLE_MODULES = YES;
				CLANG_ENABLE_OBJC_ARC = YES;
				CLANG_ENABLE_OBJC_WEAK = YES;
				CLANG_WARN_BLOCK_CAPTURE_AUTORELEASING = YES;
				CLANG_WARN_BOOL_CONVERSION = YES;
				CLANG_WARN_COMMA = YES;
				CLANG_WARN_CONSTANT_CONVERSION = YES;
				CLANG_WARN_DEPRECATED_OBJC_IMPLEMENTATIONS = YES;
				CLANG_WARN_DIRECT_OBJC_ISA_USAGE = YES_ERROR;
				CLANG_WARN_DOCUMENTATION_COMMENTS = YES;
				CLANG_WARN_EMPTY_BODY = YES;
				CLANG_WARN_ENUM_CONVERSION = YES;
				CLANG_WARN_INFINITE_RECURSION = YES;
				CLANG_WARN_INT_CONVERSION = YES;
				CLANG_WARN_NON_LITERAL_NULL_CONVERSION = YES;
				CLANG_WARN_OBJC_IMPLICIT_RETAIN_SELF = YES;
				CLANG_WARN_OBJC_LITERAL_CONVERSION = YES;
				CLANG_WARN_OBJC_ROOT_CLASS = YES_ERROR;
				CLANG_WARN_QUOTED_INCLUDE_IN_FRAMEWORK_HEADER = YES;
				CLANG_WARN_RANGE_LOOP_ANALYSIS = YES;
				CLANG_WARN_STRICT_PROTOTYPES = YES;
				CLANG_WARN_SUSPICIOUS_MOVE = YES;
				CLANG_WARN_UNGUARDED_AVAILABILITY = YES_AGGRESSIVE;
				CLANG_WARN_UNREACHABLE_CODE = YES;
				CLANG_WARN__DUPLICATE_METHOD_MATCH = YES;
				COPY_PHASE_STRIP = NO;
				DEBUG_INFORMATION_FORMAT = dwarf;
				ENABLE_STRICT_OBJC_MSGSEND = YES;
				ENABLE_TESTABILITY = YES;
				GCC_C_LANGUAGE_STANDARD = gnu11;
				GCC_DYNAMIC_NO_PIC = NO;
				GCC_NO_COMMON_BLOCKS = YES;
				GCC_OPTIMIZATION_LEVEL = 0;
				GCC_PREPROCESSOR_DEFINITIONS = (
					"DEBUG=1",
					"$(inherited)",
				);
				GCC_WARN_64_TO_32_BIT_CONVERSION = YES;
				GCC_WARN_ABOUT_RETURN_TYPE = YES_ERROR;
				GCC_WARN_UNDECLARED_SELECTOR = YES;
				GCC_WARN_UNINITIALIZED_AUTOS = YES_AGGRESSIVE;
				GCC_WARN_UNUSED_FUNCTION = YES;
				GCC_WARN_UNUSED_VARIABLE = YES;
				IPHONEOS_DEPLOYMENT_TARGET = 15.0;
				MTL_ENABLE_DEBUG_INFO = INCLUDE_SOURCE;
				MTL_FAST_MATH = YES;
				ONLY_ACTIVE_ARCH = YES;
				SDKROOT = iphoneos;
				SWIFT_ACTIVE_COMPILATION_CONDITIONS = DEBUG;
				SWIFT_OPTIMIZATION_LEVEL = "-Onone";
			};
			name = Debug;
		};
		C4D0099A29309377003C6733 /* Release */ = {
			isa = XCBuildConfiguration;
			buildSettings = {
				ALWAYS_SEARCH_USER_PATHS = NO;
				CLANG_ANALYZER_NONNULL = YES;
				CLANG_ANALYZER_NUMBER_OBJECT_CONVERSION = YES_AGGRESSIVE;
				CLANG_CXX_LANGUAGE_STANDARD = "gnu++17";
				CLANG_CXX_LIBRARY = "libc++";
				CLANG_ENABLE_MODULES = YES;
				CLANG_ENABLE_OBJC_ARC = YES;
				CLANG_ENABLE_OBJC_WEAK = YES;
				CLANG_WARN_BLOCK_CAPTURE_AUTORELEASING = YES;
				CLANG_WARN_BOOL_CONVERSION = YES;
				CLANG_WARN_COMMA = YES;
				CLANG_WARN_CONSTANT_CONVERSION = YES;
				CLANG_WARN_DEPRECATED_OBJC_IMPLEMENTATIONS = YES;
				CLANG_WARN_DIRECT_OBJC_ISA_USAGE = YES_ERROR;
				CLANG_WARN_DOCUMENTATION_COMMENTS = YES;
				CLANG_WARN_EMPTY_BODY = YES;
				CLANG_WARN_ENUM_CONVERSION = YES;
				CLANG_WARN_INFINITE_RECURSION = YES;
				CLANG_WARN_INT_CONVERSION = YES;
				CLANG_WARN_NON_LITERAL_NULL_CONVERSION = YES;
				CLANG_WARN_OBJC_IMPLICIT_RETAIN_SELF = YES;
				CLANG_WARN_OBJC_LITERAL_CONVERSION = YES;
				CLANG_WARN_OBJC_ROOT_CLASS = YES_ERROR;
				CLANG_WARN_QUOTED_INCLUDE_IN_FRAMEWORK_HEADER = YES;
				CLANG_WARN_RANGE_LOOP_ANALYSIS = YES;
				CLANG_WARN_STRICT_PROTOTYPES = YES;
				CLANG_WARN_SUSPICIOUS_MOVE = YES;
				CLANG_WARN_UNGUARDED_AVAILABILITY = YES_AGGRESSIVE;
				CLANG_WARN_UNREACHABLE_CODE = YES;
				CLANG_WARN__DUPLICATE_METHOD_MATCH = YES;
				COPY_PHASE_STRIP = NO;
				DEBUG_INFORMATION_FORMAT = "dwarf-with-dsym";
				ENABLE_NS_ASSERTIONS = NO;
				ENABLE_STRICT_OBJC_MSGSEND = YES;
				GCC_C_LANGUAGE_STANDARD = gnu11;
				GCC_NO_COMMON_BLOCKS = YES;
				GCC_WARN_64_TO_32_BIT_CONVERSION = YES;
				GCC_WARN_ABOUT_RETURN_TYPE = YES_ERROR;
				GCC_WARN_UNDECLARED_SELECTOR = YES;
				GCC_WARN_UNINITIALIZED_AUTOS = YES_AGGRESSIVE;
				GCC_WARN_UNUSED_FUNCTION = YES;
				GCC_WARN_UNUSED_VARIABLE = YES;
				IPHONEOS_DEPLOYMENT_TARGET = 15.0;
				MTL_ENABLE_DEBUG_INFO = NO;
				MTL_FAST_MATH = YES;
				SDKROOT = iphoneos;
				SWIFT_COMPILATION_MODE = wholemodule;
				SWIFT_OPTIMIZATION_LEVEL = "-O";
				VALIDATE_PRODUCT = YES;
			};
			name = Release;
		};
		C4D0099C29309377003C6733 /* Debug */ = {
			isa = XCBuildConfiguration;
			buildSettings = {
				ASSETCATALOG_COMPILER_APPICON_NAME = AppIcon;
				ASSETCATALOG_COMPILER_GLOBAL_ACCENT_COLOR_NAME = AccentColor;
				CODE_SIGN_STYLE = Automatic;
				CURRENT_PROJECT_VERSION = 1;
				DEVELOPMENT_ASSET_PATHS = "\"MovieAppTestDriven/Preview Content\"";
				DEVELOPMENT_TEAM = 98KJ8KHPB4;
				ENABLE_PREVIEWS = YES;
				GENERATE_INFOPLIST_FILE = YES;
				INFOPLIST_KEY_UIApplicationSceneManifest_Generation = YES;
				INFOPLIST_KEY_UIApplicationSupportsIndirectInputEvents = YES;
				INFOPLIST_KEY_UILaunchScreen_Generation = YES;
				INFOPLIST_KEY_UISupportedInterfaceOrientations_iPad = "UIInterfaceOrientationPortrait UIInterfaceOrientationPortraitUpsideDown UIInterfaceOrientationLandscapeLeft UIInterfaceOrientationLandscapeRight";
				INFOPLIST_KEY_UISupportedInterfaceOrientations_iPhone = "UIInterfaceOrientationPortrait UIInterfaceOrientationLandscapeLeft UIInterfaceOrientationLandscapeRight";
				IPHONEOS_DEPLOYMENT_TARGET = 15.0;
				LD_RUNPATH_SEARCH_PATHS = (
					"$(inherited)",
					"@executable_path/Frameworks",
				);
				MARKETING_VERSION = 1.0;
				PRODUCT_BUNDLE_IDENTIFIER = swift.swiftUI.halder.manajit.MovieAppTestDriven;
				PRODUCT_NAME = "$(TARGET_NAME)";
				SWIFT_EMIT_LOC_STRINGS = YES;
				SWIFT_VERSION = 5.0;
				TARGETED_DEVICE_FAMILY = "1,2";
			};
			name = Debug;
		};
		C4D0099D29309377003C6733 /* Release */ = {
			isa = XCBuildConfiguration;
			buildSettings = {
				ASSETCATALOG_COMPILER_APPICON_NAME = AppIcon;
				ASSETCATALOG_COMPILER_GLOBAL_ACCENT_COLOR_NAME = AccentColor;
				CODE_SIGN_STYLE = Automatic;
				CURRENT_PROJECT_VERSION = 1;
				DEVELOPMENT_ASSET_PATHS = "\"MovieAppTestDriven/Preview Content\"";
				DEVELOPMENT_TEAM = 98KJ8KHPB4;
				ENABLE_PREVIEWS = YES;
				GENERATE_INFOPLIST_FILE = YES;
				INFOPLIST_KEY_UIApplicationSceneManifest_Generation = YES;
				INFOPLIST_KEY_UIApplicationSupportsIndirectInputEvents = YES;
				INFOPLIST_KEY_UILaunchScreen_Generation = YES;
				INFOPLIST_KEY_UISupportedInterfaceOrientations_iPad = "UIInterfaceOrientationPortrait UIInterfaceOrientationPortraitUpsideDown UIInterfaceOrientationLandscapeLeft UIInterfaceOrientationLandscapeRight";
				INFOPLIST_KEY_UISupportedInterfaceOrientations_iPhone = "UIInterfaceOrientationPortrait UIInterfaceOrientationLandscapeLeft UIInterfaceOrientationLandscapeRight";
				IPHONEOS_DEPLOYMENT_TARGET = 15.0;
				LD_RUNPATH_SEARCH_PATHS = (
					"$(inherited)",
					"@executable_path/Frameworks",
				);
				MARKETING_VERSION = 1.0;
				PRODUCT_BUNDLE_IDENTIFIER = swift.swiftUI.halder.manajit.MovieAppTestDriven;
				PRODUCT_NAME = "$(TARGET_NAME)";
				SWIFT_EMIT_LOC_STRINGS = YES;
				SWIFT_VERSION = 5.0;
				TARGETED_DEVICE_FAMILY = "1,2";
			};
			name = Release;
		};
		C4D0099F29309377003C6733 /* Debug */ = {
			isa = XCBuildConfiguration;
			buildSettings = {
				ALWAYS_EMBED_SWIFT_STANDARD_LIBRARIES = YES;
				BUNDLE_LOADER = "$(TEST_HOST)";
				CODE_SIGN_STYLE = Automatic;
				CURRENT_PROJECT_VERSION = 1;
				DEVELOPMENT_TEAM = 98KJ8KHPB4;
				GENERATE_INFOPLIST_FILE = YES;
				IPHONEOS_DEPLOYMENT_TARGET = 15.0;
				LD_RUNPATH_SEARCH_PATHS = (
					"$(inherited)",
					"@executable_path/Frameworks",
					"@loader_path/Frameworks",
				);
				MARKETING_VERSION = 1.0;
				PRODUCT_BUNDLE_IDENTIFIER = swift.swiftUI.halder.manajit.MovieAppTestDrivenTests;
				PRODUCT_NAME = "$(TARGET_NAME)";
				SWIFT_EMIT_LOC_STRINGS = NO;
				SWIFT_VERSION = 5.0;
				TARGETED_DEVICE_FAMILY = "1,2";
				TEST_HOST = "$(BUILT_PRODUCTS_DIR)/MovieAppTestDriven.app/MovieAppTestDriven";
			};
			name = Debug;
		};
		C4D009A029309377003C6733 /* Release */ = {
			isa = XCBuildConfiguration;
			buildSettings = {
				ALWAYS_EMBED_SWIFT_STANDARD_LIBRARIES = YES;
				BUNDLE_LOADER = "$(TEST_HOST)";
				CODE_SIGN_STYLE = Automatic;
				CURRENT_PROJECT_VERSION = 1;
				DEVELOPMENT_TEAM = 98KJ8KHPB4;
				GENERATE_INFOPLIST_FILE = YES;
				IPHONEOS_DEPLOYMENT_TARGET = 15.0;
				LD_RUNPATH_SEARCH_PATHS = (
					"$(inherited)",
					"@executable_path/Frameworks",
					"@loader_path/Frameworks",
				);
				MARKETING_VERSION = 1.0;
				PRODUCT_BUNDLE_IDENTIFIER = swift.swiftUI.halder.manajit.MovieAppTestDrivenTests;
				PRODUCT_NAME = "$(TARGET_NAME)";
				SWIFT_EMIT_LOC_STRINGS = NO;
				SWIFT_VERSION = 5.0;
				TARGETED_DEVICE_FAMILY = "1,2";
				TEST_HOST = "$(BUILT_PRODUCTS_DIR)/MovieAppTestDriven.app/MovieAppTestDriven";
			};
			name = Release;
		};
		C4D009A229309377003C6733 /* Debug */ = {
			isa = XCBuildConfiguration;
			buildSettings = {
				ALWAYS_EMBED_SWIFT_STANDARD_LIBRARIES = YES;
				CODE_SIGN_STYLE = Automatic;
				CURRENT_PROJECT_VERSION = 1;
				DEVELOPMENT_TEAM = 98KJ8KHPB4;
				GENERATE_INFOPLIST_FILE = YES;
				LD_RUNPATH_SEARCH_PATHS = (
					"$(inherited)",
					"@executable_path/Frameworks",
					"@loader_path/Frameworks",
				);
				MARKETING_VERSION = 1.0;
				PRODUCT_BUNDLE_IDENTIFIER = swift.swiftUI.halder.manajit.MovieAppTestDrivenUITests;
				PRODUCT_NAME = "$(TARGET_NAME)";
				SWIFT_EMIT_LOC_STRINGS = NO;
				SWIFT_VERSION = 5.0;
				TARGETED_DEVICE_FAMILY = "1,2";
				TEST_TARGET_NAME = MovieAppTestDriven;
			};
			name = Debug;
		};
		C4D009A329309377003C6733 /* Release */ = {
			isa = XCBuildConfiguration;
			buildSettings = {
				ALWAYS_EMBED_SWIFT_STANDARD_LIBRARIES = YES;
				CODE_SIGN_STYLE = Automatic;
				CURRENT_PROJECT_VERSION = 1;
				DEVELOPMENT_TEAM = 98KJ8KHPB4;
				GENERATE_INFOPLIST_FILE = YES;
				LD_RUNPATH_SEARCH_PATHS = (
					"$(inherited)",
					"@executable_path/Frameworks",
					"@loader_path/Frameworks",
				);
				MARKETING_VERSION = 1.0;
				PRODUCT_BUNDLE_IDENTIFIER = swift.swiftUI.halder.manajit.MovieAppTestDrivenUITests;
				PRODUCT_NAME = "$(TARGET_NAME)";
				SWIFT_EMIT_LOC_STRINGS = NO;
				SWIFT_VERSION = 5.0;
				TARGETED_DEVICE_FAMILY = "1,2";
				TEST_TARGET_NAME = MovieAppTestDriven;
			};
			name = Release;
		};
/* End XCBuildConfiguration section */

/* Begin XCConfigurationList section */
		C4D0097429309373003C6733 /* Build configuration list for PBXProject "MovieAppTestDriven" */ = {
			isa = XCConfigurationList;
			buildConfigurations = (
				C4D0099929309377003C6733 /* Debug */,
				C4D0099A29309377003C6733 /* Release */,
			);
			defaultConfigurationIsVisible = 0;
			defaultConfigurationName = Release;
		};
		C4D0099B29309377003C6733 /* Build configuration list for PBXNativeTarget "MovieAppTestDriven" */ = {
			isa = XCConfigurationList;
			buildConfigurations = (
				C4D0099C29309377003C6733 /* Debug */,
				C4D0099D29309377003C6733 /* Release */,
			);
			defaultConfigurationIsVisible = 0;
			defaultConfigurationName = Release;
		};
		C4D0099E29309377003C6733 /* Build configuration list for PBXNativeTarget "MovieAppTestDrivenTests" */ = {
			isa = XCConfigurationList;
			buildConfigurations = (
				C4D0099F29309377003C6733 /* Debug */,
				C4D009A029309377003C6733 /* Release */,
			);
			defaultConfigurationIsVisible = 0;
			defaultConfigurationName = Release;
		};
		C4D009A129309377003C6733 /* Build configuration list for PBXNativeTarget "MovieAppTestDrivenUITests" */ = {
			isa = XCConfigurationList;
			buildConfigurations = (
				C4D009A229309377003C6733 /* Debug */,
				C4D009A329309377003C6733 /* Release */,
			);
			defaultConfigurationIsVisible = 0;
			defaultConfigurationName = Release;
		};
/* End XCConfigurationList section */
	};
	rootObject = C4D0097129309373003C6733 /* Project object */;
}
