// !$*UTF8*$!
{
	archiveVersion = 1;
	classes = {
	};
	objectVersion = 56;
	objects = {

/* Begin PBXBuildFile section */
		C4934E6829CAD45D00937A6E /* ScrumDetailView.swift in Sources */ = {isa = PBXBuildFile; fileRef = C4934E6729CAD45D00937A6E /* ScrumDetailView.swift */; };
		C4934E6B29CB2C3300937A6E /* DetailEditView.swift in Sources */ = {isa = PBXBuildFile; fileRef = C4934E6A29CB2C3300937A6E /* DetailEditView.swift */; };
		C4934E6D29CC557E00937A6E /* ThemeView.swift in Sources */ = {isa = PBXBuildFile; fileRef = C4934E6C29CC557E00937A6E /* ThemeView.swift */; };
		C4934E6F29CC597B00937A6E /* ThemePicker.swift in Sources */ = {isa = PBXBuildFile; fileRef = C4934E6E29CC597B00937A6E /* ThemePicker.swift */; };
		C4934E7129CE96DC00937A6E /* MeetingHeaderView.swift in Sources */ = {isa = PBXBuildFile; fileRef = C4934E7029CE96DC00937A6E /* MeetingHeaderView.swift */; };
		C4934E7329CE9C2400937A6E /* ScrumProgressViewStyle.swift in Sources */ = {isa = PBXBuildFile; fileRef = C4934E7229CE9C2400937A6E /* ScrumProgressViewStyle.swift */; };
		C4934E7529CEC1DF00937A6E /* ScrumTimer.swift in Sources */ = {isa = PBXBuildFile; fileRef = C4934E7429CEC1DF00937A6E /* ScrumTimer.swift */; };
		C4934E7729CEC66B00937A6E /* MeetingFooterView.swift in Sources */ = {isa = PBXBuildFile; fileRef = C4934E7629CEC66B00937A6E /* MeetingFooterView.swift */; };
		C4934E7929CED28300937A6E /* AVPlayer+Ding.swift in Sources */ = {isa = PBXBuildFile; fileRef = C4934E7829CED28300937A6E /* AVPlayer+Ding.swift */; };
		C4934E7B29CF173E00937A6E /* History.swift in Sources */ = {isa = PBXBuildFile; fileRef = C4934E7A29CF173E00937A6E /* History.swift */; };
		C499645529CF2A1C007D80A8 /* ScrumStore.swift in Sources */ = {isa = PBXBuildFile; fileRef = C499645429CF2A1C007D80A8 /* ScrumStore.swift */; };
		C499645829D05B9C007D80A8 /* ErrorWrapper.swift in Sources */ = {isa = PBXBuildFile; fileRef = C499645729D05B9C007D80A8 /* ErrorWrapper.swift */; };
		C499645A29D05C95007D80A8 /* ErrorView.swift in Sources */ = {isa = PBXBuildFile; fileRef = C499645929D05C95007D80A8 /* ErrorView.swift */; };
		C4B4BD8B29C5D79B00531216 /* ScrumdingerApp.swift in Sources */ = {isa = PBXBuildFile; fileRef = C4B4BD8A29C5D79B00531216 /* ScrumdingerApp.swift */; };
		C4B4BD8D29C5D79B00531216 /* MeetingView.swift in Sources */ = {isa = PBXBuildFile; fileRef = C4B4BD8C29C5D79B00531216 /* MeetingView.swift */; };
		C4B4BD8F29C5D7A100531216 /* Assets.xcassets in Resources */ = {isa = PBXBuildFile; fileRef = C4B4BD8E29C5D7A100531216 /* Assets.xcassets */; };
		C4B4BD9229C5D7A100531216 /* Preview Assets.xcassets in Resources */ = {isa = PBXBuildFile; fileRef = C4B4BD9129C5D7A100531216 /* Preview Assets.xcassets */; };
		C4B4BD9A29C6CA5200531216 /* Theme.swift in Sources */ = {isa = PBXBuildFile; fileRef = C4B4BD9929C6CA5200531216 /* Theme.swift */; };
		C4B4BD9C29C6E4A600531216 /* DailyScrum.swift in Sources */ = {isa = PBXBuildFile; fileRef = C4B4BD9B29C6E4A600531216 /* DailyScrum.swift */; };
		C4B4BD9E29C6E7AC00531216 /* CardView.swift in Sources */ = {isa = PBXBuildFile; fileRef = C4B4BD9D29C6E7AC00531216 /* CardView.swift */; };
		C4B4BDA129C6ECA200531216 /* TrailingIconLabelStyle.swift in Sources */ = {isa = PBXBuildFile; fileRef = C4B4BDA029C6ECA200531216 /* TrailingIconLabelStyle.swift */; };
		C4B4BDA329C761FE00531216 /* ScrumView.swift in Sources */ = {isa = PBXBuildFile; fileRef = C4B4BDA229C761FE00531216 /* ScrumView.swift */; };
		C4C454E429D14364003FD816 /* MeetingTimerView.swift in Sources */ = {isa = PBXBuildFile; fileRef = C4C454E329D14364003FD816 /* MeetingTimerView.swift */; };
		C4C454E629D15AEC003FD816 /* SpeakerArc.swift in Sources */ = {isa = PBXBuildFile; fileRef = C4C454E529D15AEC003FD816 /* SpeakerArc.swift */; };
		C4C454E829D1775C003FD816 /* SpeechRecognizer.swift in Sources */ = {isa = PBXBuildFile; fileRef = C4C454E729D1775C003FD816 /* SpeechRecognizer.swift */; };
		C4C454EA29D1A75F003FD816 /* HistoryView.swift in Sources */ = {isa = PBXBuildFile; fileRef = C4C454E929D1A75F003FD816 /* HistoryView.swift */; };
/* End PBXBuildFile section */

/* Begin PBXFileReference section */
		C4934E6729CAD45D00937A6E /* ScrumDetailView.swift */ = {isa = PBXFileReference; lastKnownFileType = sourcecode.swift; path = ScrumDetailView.swift; sourceTree = "<group>"; };
		C4934E6A29CB2C3300937A6E /* DetailEditView.swift */ = {isa = PBXFileReference; lastKnownFileType = sourcecode.swift; path = DetailEditView.swift; sourceTree = "<group>"; };
		C4934E6C29CC557E00937A6E /* ThemeView.swift */ = {isa = PBXFileReference; lastKnownFileType = sourcecode.swift; path = ThemeView.swift; sourceTree = "<group>"; };
		C4934E6E29CC597B00937A6E /* ThemePicker.swift */ = {isa = PBXFileReference; lastKnownFileType = sourcecode.swift; path = ThemePicker.swift; sourceTree = "<group>"; };
		C4934E7029CE96DC00937A6E /* MeetingHeaderView.swift */ = {isa = PBXFileReference; lastKnownFileType = sourcecode.swift; path = MeetingHeaderView.swift; sourceTree = "<group>"; };
		C4934E7229CE9C2400937A6E /* ScrumProgressViewStyle.swift */ = {isa = PBXFileReference; lastKnownFileType = sourcecode.swift; path = ScrumProgressViewStyle.swift; sourceTree = "<group>"; };
		C4934E7429CEC1DF00937A6E /* ScrumTimer.swift */ = {isa = PBXFileReference; lastKnownFileType = sourcecode.swift; path = ScrumTimer.swift; sourceTree = "<group>"; };
		C4934E7629CEC66B00937A6E /* MeetingFooterView.swift */ = {isa = PBXFileReference; lastKnownFileType = sourcecode.swift; path = MeetingFooterView.swift; sourceTree = "<group>"; };
		C4934E7829CED28300937A6E /* AVPlayer+Ding.swift */ = {isa = PBXFileReference; lastKnownFileType = sourcecode.swift; path = "AVPlayer+Ding.swift"; sourceTree = "<group>"; };
		C4934E7A29CF173E00937A6E /* History.swift */ = {isa = PBXFileReference; lastKnownFileType = sourcecode.swift; path = History.swift; sourceTree = "<group>"; };
		C499645429CF2A1C007D80A8 /* ScrumStore.swift */ = {isa = PBXFileReference; lastKnownFileType = sourcecode.swift; path = ScrumStore.swift; sourceTree = "<group>"; };
		C499645629D009BB007D80A8 /* Info.plist */ = {isa = PBXFileReference; lastKnownFileType = text.plist; path = Info.plist; sourceTree = "<group>"; };
		C499645729D05B9C007D80A8 /* ErrorWrapper.swift */ = {isa = PBXFileReference; lastKnownFileType = sourcecode.swift; path = ErrorWrapper.swift; sourceTree = "<group>"; };
		C499645929D05C95007D80A8 /* ErrorView.swift */ = {isa = PBXFileReference; lastKnownFileType = sourcecode.swift; path = ErrorView.swift; sourceTree = "<group>"; };
		C4B4BD8729C5D79B00531216 /* Scrumdinger.app */ = {isa = PBXFileReference; explicitFileType = wrapper.application; includeInIndex = 0; path = Scrumdinger.app; sourceTree = BUILT_PRODUCTS_DIR; };
		C4B4BD8A29C5D79B00531216 /* ScrumdingerApp.swift */ = {isa = PBXFileReference; lastKnownFileType = sourcecode.swift; path = ScrumdingerApp.swift; sourceTree = "<group>"; };
		C4B4BD8C29C5D79B00531216 /* MeetingView.swift */ = {isa = PBXFileReference; lastKnownFileType = sourcecode.swift; path = MeetingView.swift; sourceTree = "<group>"; };
		C4B4BD8E29C5D7A100531216 /* Assets.xcassets */ = {isa = PBXFileReference; lastKnownFileType = folder.assetcatalog; path = Assets.xcassets; sourceTree = "<group>"; };
		C4B4BD9129C5D7A100531216 /* Preview Assets.xcassets */ = {isa = PBXFileReference; lastKnownFileType = folder.assetcatalog; path = "Preview Assets.xcassets"; sourceTree = "<group>"; };
		C4B4BD9929C6CA5200531216 /* Theme.swift */ = {isa = PBXFileReference; lastKnownFileType = sourcecode.swift; path = Theme.swift; sourceTree = "<group>"; };
		C4B4BD9B29C6E4A600531216 /* DailyScrum.swift */ = {isa = PBXFileReference; lastKnownFileType = sourcecode.swift; path = DailyScrum.swift; sourceTree = "<group>"; };
		C4B4BD9D29C6E7AC00531216 /* CardView.swift */ = {isa = PBXFileReference; lastKnownFileType = sourcecode.swift; path = CardView.swift; sourceTree = "<group>"; };
		C4B4BDA029C6ECA200531216 /* TrailingIconLabelStyle.swift */ = {isa = PBXFileReference; lastKnownFileType = sourcecode.swift; path = TrailingIconLabelStyle.swift; sourceTree = "<group>"; };
		C4B4BDA229C761FE00531216 /* ScrumView.swift */ = {isa = PBXFileReference; lastKnownFileType = sourcecode.swift; path = ScrumView.swift; sourceTree = "<group>"; };
		C4C454E329D14364003FD816 /* MeetingTimerView.swift */ = {isa = PBXFileReference; lastKnownFileType = sourcecode.swift; path = MeetingTimerView.swift; sourceTree = "<group>"; };
		C4C454E529D15AEC003FD816 /* SpeakerArc.swift */ = {isa = PBXFileReference; lastKnownFileType = sourcecode.swift; path = SpeakerArc.swift; sourceTree = "<group>"; };
		C4C454E729D1775C003FD816 /* SpeechRecognizer.swift */ = {isa = PBXFileReference; lastKnownFileType = sourcecode.swift; path = SpeechRecognizer.swift; sourceTree = "<group>"; };
		C4C454E929D1A75F003FD816 /* HistoryView.swift */ = {isa = PBXFileReference; lastKnownFileType = sourcecode.swift; path = HistoryView.swift; sourceTree = "<group>"; };
/* End PBXFileReference section */

/* Begin PBXFrameworksBuildPhase section */
		C4B4BD8429C5D79B00531216 /* Frameworks */ = {
			isa = PBXFrameworksBuildPhase;
			buildActionMask = 2147483647;
			files = (
			);
			runOnlyForDeploymentPostprocessing = 0;
		};
/* End PBXFrameworksBuildPhase section */

/* Begin PBXGroup section */
		C4934E6929CAFDC400937A6E /* Helper */ = {
			isa = PBXGroup;
			children = (
				C4934E7829CED28300937A6E /* AVPlayer+Ding.swift */,
				C4B4BDA029C6ECA200531216 /* TrailingIconLabelStyle.swift */,
				C4934E7229CE9C2400937A6E /* ScrumProgressViewStyle.swift */,
				C4C454E529D15AEC003FD816 /* SpeakerArc.swift */,
			);
			path = Helper;
			sourceTree = "<group>";
		};
		C499645329CF2A02007D80A8 /* Data */ = {
			isa = PBXGroup;
			children = (
				C499645429CF2A1C007D80A8 /* ScrumStore.swift */,
			);
			path = Data;
			sourceTree = "<group>";
		};
		C4B4BD7E29C5D79B00531216 = {
			isa = PBXGroup;
			children = (
				C4B4BD8929C5D79B00531216 /* Scrumdinger */,
				C4B4BD8829C5D79B00531216 /* Products */,
			);
			sourceTree = "<group>";
		};
		C4B4BD8829C5D79B00531216 /* Products */ = {
			isa = PBXGroup;
			children = (
				C4B4BD8729C5D79B00531216 /* Scrumdinger.app */,
			);
			name = Products;
			sourceTree = "<group>";
		};
		C4B4BD8929C5D79B00531216 /* Scrumdinger */ = {
			isa = PBXGroup;
			children = (
				C499645629D009BB007D80A8 /* Info.plist */,
				C4B4BD8A29C5D79B00531216 /* ScrumdingerApp.swift */,
				C4B4BD9829C6CA3200531216 /* Models */,
				C4B4BD9F29C6E7BB00531216 /* Views */,
				C499645329CF2A02007D80A8 /* Data */,
				C4934E6929CAFDC400937A6E /* Helper */,
				C4B4BD8E29C5D7A100531216 /* Assets.xcassets */,
				C4B4BD9029C5D7A100531216 /* Preview Content */,
			);
			path = Scrumdinger;
			sourceTree = "<group>";
		};
		C4B4BD9029C5D7A100531216 /* Preview Content */ = {
			isa = PBXGroup;
			children = (
				C4B4BD9129C5D7A100531216 /* Preview Assets.xcassets */,
			);
			path = "Preview Content";
			sourceTree = "<group>";
		};
		C4B4BD9829C6CA3200531216 /* Models */ = {
			isa = PBXGroup;
			children = (
				C4B4BD9929C6CA5200531216 /* Theme.swift */,
				C4B4BD9B29C6E4A600531216 /* DailyScrum.swift */,
				C4934E7429CEC1DF00937A6E /* ScrumTimer.swift */,
				C4934E7A29CF173E00937A6E /* History.swift */,
				C499645729D05B9C007D80A8 /* ErrorWrapper.swift */,
				C4C454E729D1775C003FD816 /* SpeechRecognizer.swift */,
			);
			path = Models;
			sourceTree = "<group>";
		};
		C4B4BD9F29C6E7BB00531216 /* Views */ = {
			isa = PBXGroup;
			children = (
				C4B4BD8C29C5D79B00531216 /* MeetingView.swift */,
				C4934E7029CE96DC00937A6E /* MeetingHeaderView.swift */,
				C4934E7629CEC66B00937A6E /* MeetingFooterView.swift */,
				C4C454E329D14364003FD816 /* MeetingTimerView.swift */,
				C4B4BD9D29C6E7AC00531216 /* CardView.swift */,
				C4B4BDA229C761FE00531216 /* ScrumView.swift */,
				C4934E6729CAD45D00937A6E /* ScrumDetailView.swift */,
				C4934E6A29CB2C3300937A6E /* DetailEditView.swift */,
				C4934E6C29CC557E00937A6E /* ThemeView.swift */,
				C4934E6E29CC597B00937A6E /* ThemePicker.swift */,
				C499645929D05C95007D80A8 /* ErrorView.swift */,
				C4C454E929D1A75F003FD816 /* HistoryView.swift */,
			);
			path = Views;
			sourceTree = "<group>";
		};
/* End PBXGroup section */

/* Begin PBXNativeTarget section */
		C4B4BD8629C5D79B00531216 /* Scrumdinger */ = {
			isa = PBXNativeTarget;
			buildConfigurationList = C4B4BD9529C5D7A100531216 /* Build configuration list for PBXNativeTarget "Scrumdinger" */;
			buildPhases = (
				C4B4BD8329C5D79B00531216 /* Sources */,
				C4B4BD8429C5D79B00531216 /* Frameworks */,
				C4B4BD8529C5D79B00531216 /* Resources */,
			);
			buildRules = (
			);
			dependencies = (
			);
			name = Scrumdinger;
			productName = Scrumdinger;
			productReference = C4B4BD8729C5D79B00531216 /* Scrumdinger.app */;
			productType = "com.apple.product-type.application";
		};
/* End PBXNativeTarget section */

/* Begin PBXProject section */
		C4B4BD7F29C5D79B00531216 /* Project object */ = {
			isa = PBXProject;
			attributes = {
				BuildIndependentTargetsInParallel = 1;
				LastSwiftUpdateCheck = 1420;
				LastUpgradeCheck = 1420;
				TargetAttributes = {
					C4B4BD8629C5D79B00531216 = {
						CreatedOnToolsVersion = 14.2;
					};
				};
			};
			buildConfigurationList = C4B4BD8229C5D79B00531216 /* Build configuration list for PBXProject "Scrumdinger" */;
			compatibilityVersion = "Xcode 14.0";
			developmentRegion = en;
			hasScannedForEncodings = 0;
			knownRegions = (
				en,
				Base,
			);
			mainGroup = C4B4BD7E29C5D79B00531216;
			productRefGroup = C4B4BD8829C5D79B00531216 /* Products */;
			projectDirPath = "";
			projectRoot = "";
			targets = (
				C4B4BD8629C5D79B00531216 /* Scrumdinger */,
			);
		};
/* End PBXProject section */

/* Begin PBXResourcesBuildPhase section */
		C4B4BD8529C5D79B00531216 /* Resources */ = {
			isa = PBXResourcesBuildPhase;
			buildActionMask = 2147483647;
			files = (
				C4B4BD9229C5D7A100531216 /* Preview Assets.xcassets in Resources */,
				C4B4BD8F29C5D7A100531216 /* Assets.xcassets in Resources */,
			);
			runOnlyForDeploymentPostprocessing = 0;
		};
/* End PBXResourcesBuildPhase section */

/* Begin PBXSourcesBuildPhase section */
		C4B4BD8329C5D79B00531216 /* Sources */ = {
			isa = PBXSourcesBuildPhase;
			buildActionMask = 2147483647;
			files = (
				C4934E7B29CF173E00937A6E /* History.swift in Sources */,
				C4C454EA29D1A75F003FD816 /* HistoryView.swift in Sources */,
				C4934E6F29CC597B00937A6E /* ThemePicker.swift in Sources */,
				C4934E7329CE9C2400937A6E /* ScrumProgressViewStyle.swift in Sources */,
				C4934E7729CEC66B00937A6E /* MeetingFooterView.swift in Sources */,
				C499645529CF2A1C007D80A8 /* ScrumStore.swift in Sources */,
				C4934E7529CEC1DF00937A6E /* ScrumTimer.swift in Sources */,
				C4934E6829CAD45D00937A6E /* ScrumDetailView.swift in Sources */,
				C4B4BD9C29C6E4A600531216 /* DailyScrum.swift in Sources */,
				C4934E7129CE96DC00937A6E /* MeetingHeaderView.swift in Sources */,
				C4C454E429D14364003FD816 /* MeetingTimerView.swift in Sources */,
				C4934E6B29CB2C3300937A6E /* DetailEditView.swift in Sources */,
				C499645829D05B9C007D80A8 /* ErrorWrapper.swift in Sources */,
				C4B4BDA329C761FE00531216 /* ScrumView.swift in Sources */,
				C4B4BDA129C6ECA200531216 /* TrailingIconLabelStyle.swift in Sources */,
				C4B4BD9A29C6CA5200531216 /* Theme.swift in Sources */,
				C4B4BD8D29C5D79B00531216 /* MeetingView.swift in Sources */,
				C4C454E829D1775C003FD816 /* SpeechRecognizer.swift in Sources */,
				C499645A29D05C95007D80A8 /* ErrorView.swift in Sources */,
				C4B4BD8B29C5D79B00531216 /* ScrumdingerApp.swift in Sources */,
				C4934E6D29CC557E00937A6E /* ThemeView.swift in Sources */,
				C4B4BD9E29C6E7AC00531216 /* CardView.swift in Sources */,
				C4C454E629D15AEC003FD816 /* SpeakerArc.swift in Sources */,
				C4934E7929CED28300937A6E /* AVPlayer+Ding.swift in Sources */,
			);
			runOnlyForDeploymentPostprocessing = 0;
		};
/* End PBXSourcesBuildPhase section */

/* Begin XCBuildConfiguration section */
		C4B4BD9329C5D7A100531216 /* Debug */ = {
			isa = XCBuildConfiguration;
			buildSettings = {
				ALWAYS_SEARCH_USER_PATHS = NO;
				CLANG_ANALYZER_NONNULL = YES;
				CLANG_ANALYZER_NUMBER_OBJECT_CONVERSION = YES_AGGRESSIVE;
				CLANG_CXX_LANGUAGE_STANDARD = "gnu++20";
				CLANG_ENABLE_MODULES = YES;
				CLANG_ENABLE_OBJC_ARC = YES;
				CLANG_ENABLE_OBJC_WEAK = YES;
				CLANG_WARN_BLOCK_CAPTURE_AUTORELEASING = YES;
				CLANG_WARN_BOOL_CONVERSION = YES;
				CLANG_WARN_COMMA = YES;
				CLANG_WARN_CONSTANT_CONVERSION = YES;
				CLANG_WARN_DEPRECATED_OBJC_IMPLEMENTATIONS = YES;
				CLANG_WARN_DIRECT_OBJC_ISA_USAGE = YES_ERROR;
				CLANG_WARN_DOCUMENTATION_COMMENTS = YES;
				CLANG_WARN_EMPTY_BODY = YES;
				CLANG_WARN_ENUM_CONVERSION = YES;
				CLANG_WARN_INFINITE_RECURSION = YES;
				CLANG_WARN_INT_CONVERSION = YES;
				CLANG_WARN_NON_LITERAL_NULL_CONVERSION = YES;
				CLANG_WARN_OBJC_IMPLICIT_RETAIN_SELF = YES;
				CLANG_WARN_OBJC_LITERAL_CONVERSION = YES;
				CLANG_WARN_OBJC_ROOT_CLASS = YES_ERROR;
				CLANG_WARN_QUOTED_INCLUDE_IN_FRAMEWORK_HEADER = YES;
				CLANG_WARN_RANGE_LOOP_ANALYSIS = YES;
				CLANG_WARN_STRICT_PROTOTYPES = YES;
				CLANG_WARN_SUSPICIOUS_MOVE = YES;
				CLANG_WARN_UNGUARDED_AVAILABILITY = YES_AGGRESSIVE;
				CLANG_WARN_UNREACHABLE_CODE = YES;
				CLANG_WARN__DUPLICATE_METHOD_MATCH = YES;
				COPY_PHASE_STRIP = NO;
				DEBUG_INFORMATION_FORMAT = dwarf;
				ENABLE_STRICT_OBJC_MSGSEND = YES;
				ENABLE_TESTABILITY = YES;
				GCC_C_LANGUAGE_STANDARD = gnu11;
				GCC_DYNAMIC_NO_PIC = NO;
				GCC_NO_COMMON_BLOCKS = YES;
				GCC_OPTIMIZATION_LEVEL = 0;
				GCC_PREPROCESSOR_DEFINITIONS = (
					"DEBUG=1",
					"$(inherited)",
				);
				GCC_WARN_64_TO_32_BIT_CONVERSION = YES;
				GCC_WARN_ABOUT_RETURN_TYPE = YES_ERROR;
				GCC_WARN_UNDECLARED_SELECTOR = YES;
				GCC_WARN_UNINITIALIZED_AUTOS = YES_AGGRESSIVE;
				GCC_WARN_UNUSED_FUNCTION = YES;
				GCC_WARN_UNUSED_VARIABLE = YES;
				IPHONEOS_DEPLOYMENT_TARGET = 16.2;
				MTL_ENABLE_DEBUG_INFO = INCLUDE_SOURCE;
				MTL_FAST_MATH = YES;
				ONLY_ACTIVE_ARCH = YES;
				SDKROOT = iphoneos;
				SWIFT_ACTIVE_COMPILATION_CONDITIONS = DEBUG;
				SWIFT_OPTIMIZATION_LEVEL = "-Onone";
			};
			name = Debug;
		};
		C4B4BD9429C5D7A100531216 /* Release */ = {
			isa = XCBuildConfiguration;
			buildSettings = {
				ALWAYS_SEARCH_USER_PATHS = NO;
				CLANG_ANALYZER_NONNULL = YES;
				CLANG_ANALYZER_NUMBER_OBJECT_CONVERSION = YES_AGGRESSIVE;
				CLANG_CXX_LANGUAGE_STANDARD = "gnu++20";
				CLANG_ENABLE_MODULES = YES;
				CLANG_ENABLE_OBJC_ARC = YES;
				CLANG_ENABLE_OBJC_WEAK = YES;
				CLANG_WARN_BLOCK_CAPTURE_AUTORELEASING = YES;
				CLANG_WARN_BOOL_CONVERSION = YES;
				CLANG_WARN_COMMA = YES;
				CLANG_WARN_CONSTANT_CONVERSION = YES;
				CLANG_WARN_DEPRECATED_OBJC_IMPLEMENTATIONS = YES;
				CLANG_WARN_DIRECT_OBJC_ISA_USAGE = YES_ERROR;
				CLANG_WARN_DOCUMENTATION_COMMENTS = YES;
				CLANG_WARN_EMPTY_BODY = YES;
				CLANG_WARN_ENUM_CONVERSION = YES;
				CLANG_WARN_INFINITE_RECURSION = YES;
				CLANG_WARN_INT_CONVERSION = YES;
				CLANG_WARN_NON_LITERAL_NULL_CONVERSION = YES;
				CLANG_WARN_OBJC_IMPLICIT_RETAIN_SELF = YES;
				CLANG_WARN_OBJC_LITERAL_CONVERSION = YES;
				CLANG_WARN_OBJC_ROOT_CLASS = YES_ERROR;
				CLANG_WARN_QUOTED_INCLUDE_IN_FRAMEWORK_HEADER = YES;
				CLANG_WARN_RANGE_LOOP_ANALYSIS = YES;
				CLANG_WARN_STRICT_PROTOTYPES = YES;
				CLANG_WARN_SUSPICIOUS_MOVE = YES;
				CLANG_WARN_UNGUARDED_AVAILABILITY = YES_AGGRESSIVE;
				CLANG_WARN_UNREACHABLE_CODE = YES;
				CLANG_WARN__DUPLICATE_METHOD_MATCH = YES;
				COPY_PHASE_STRIP = NO;
				DEBUG_INFORMATION_FORMAT = "dwarf-with-dsym";
				ENABLE_NS_ASSERTIONS = NO;
				ENABLE_STRICT_OBJC_MSGSEND = YES;
				GCC_C_LANGUAGE_STANDARD = gnu11;
				GCC_NO_COMMON_BLOCKS = YES;
				GCC_WARN_64_TO_32_BIT_CONVERSION = YES;
				GCC_WARN_ABOUT_RETURN_TYPE = YES_ERROR;
				GCC_WARN_UNDECLARED_SELECTOR = YES;
				GCC_WARN_UNINITIALIZED_AUTOS = YES_AGGRESSIVE;
				GCC_WARN_UNUSED_FUNCTION = YES;
				GCC_WARN_UNUSED_VARIABLE = YES;
				IPHONEOS_DEPLOYMENT_TARGET = 16.2;
				MTL_ENABLE_DEBUG_INFO = NO;
				MTL_FAST_MATH = YES;
				SDKROOT = iphoneos;
				SWIFT_COMPILATION_MODE = wholemodule;
				SWIFT_OPTIMIZATION_LEVEL = "-O";
				VALIDATE_PRODUCT = YES;
			};
			name = Release;
		};
		C4B4BD9629C5D7A100531216 /* Debug */ = {
			isa = XCBuildConfiguration;
			buildSettings = {
				ASSETCATALOG_COMPILER_APPICON_NAME = AppIcon;
				ASSETCATALOG_COMPILER_GLOBAL_ACCENT_COLOR_NAME = AccentColor;
				CODE_SIGN_STYLE = Automatic;
				CURRENT_PROJECT_VERSION = 1;
				DEVELOPMENT_ASSET_PATHS = "\"Scrumdinger/Preview Content\"";
				DEVELOPMENT_TEAM = 98KJ8KHPB4;
				ENABLE_PREVIEWS = YES;
				GENERATE_INFOPLIST_FILE = YES;
				INFOPLIST_FILE = Scrumdinger/Info.plist;
				INFOPLIST_KEY_NSMicrophoneUsageDescription = "Audio is recorded to transcribe the meeting. Audio recordings are discarded after transcription.";
				INFOPLIST_KEY_NSSpeechRecognitionUsageDescription = "You can view a text transcription of your meeting in the app.";
				INFOPLIST_KEY_UIApplicationSupportsIndirectInputEvents = YES;
				INFOPLIST_KEY_UILaunchScreen_Generation = YES;
				INFOPLIST_KEY_UISupportedInterfaceOrientations_iPad = "UIInterfaceOrientationPortrait UIInterfaceOrientationPortraitUpsideDown UIInterfaceOrientationLandscapeLeft UIInterfaceOrientationLandscapeRight";
				INFOPLIST_KEY_UISupportedInterfaceOrientations_iPhone = "UIInterfaceOrientationPortrait UIInterfaceOrientationLandscapeLeft UIInterfaceOrientationLandscapeRight";
				LD_RUNPATH_SEARCH_PATHS = (
					"$(inherited)",
					"@executable_path/Frameworks",
				);
				MARKETING_VERSION = 1.0;
				PRODUCT_BUNDLE_IDENTIFIER = swift.swiftUI.halder.manajit.Scrumdinger;
				PRODUCT_NAME = "$(TARGET_NAME)";
				SWIFT_EMIT_LOC_STRINGS = YES;
				SWIFT_VERSION = 5.0;
				TARGETED_DEVICE_FAMILY = "1,2";
			};
			name = Debug;
		};
		C4B4BD9729C5D7A100531216 /* Release */ = {
			isa = XCBuildConfiguration;
			buildSettings = {
				ASSETCATALOG_COMPILER_APPICON_NAME = AppIcon;
				ASSETCATALOG_COMPILER_GLOBAL_ACCENT_COLOR_NAME = AccentColor;
				CODE_SIGN_STYLE = Automatic;
				CURRENT_PROJECT_VERSION = 1;
				DEVELOPMENT_ASSET_PATHS = "\"Scrumdinger/Preview Content\"";
				DEVELOPMENT_TEAM = 98KJ8KHPB4;
				ENABLE_PREVIEWS = YES;
				GENERATE_INFOPLIST_FILE = YES;
				INFOPLIST_FILE = Scrumdinger/Info.plist;
				INFOPLIST_KEY_NSMicrophoneUsageDescription = "Audio is recorded to transcribe the meeting. Audio recordings are discarded after transcription.";
				INFOPLIST_KEY_NSSpeechRecognitionUsageDescription = "You can view a text transcription of your meeting in the app.";
				INFOPLIST_KEY_UIApplicationSupportsIndirectInputEvents = YES;
				INFOPLIST_KEY_UILaunchScreen_Generation = YES;
				INFOPLIST_KEY_UISupportedInterfaceOrientations_iPad = "UIInterfaceOrientationPortrait UIInterfaceOrientationPortraitUpsideDown UIInterfaceOrientationLandscapeLeft UIInterfaceOrientationLandscapeRight";
				INFOPLIST_KEY_UISupportedInterfaceOrientations_iPhone = "UIInterfaceOrientationPortrait UIInterfaceOrientationLandscapeLeft UIInterfaceOrientationLandscapeRight";
				LD_RUNPATH_SEARCH_PATHS = (
					"$(inherited)",
					"@executable_path/Frameworks",
				);
				MARKETING_VERSION = 1.0;
				PRODUCT_BUNDLE_IDENTIFIER = swift.swiftUI.halder.manajit.Scrumdinger;
				PRODUCT_NAME = "$(TARGET_NAME)";
				SWIFT_EMIT_LOC_STRINGS = YES;
				SWIFT_VERSION = 5.0;
				TARGETED_DEVICE_FAMILY = "1,2";
			};
			name = Release;
		};
/* End XCBuildConfiguration section */

/* Begin XCConfigurationList section */
		C4B4BD8229C5D79B00531216 /* Build configuration list for PBXProject "Scrumdinger" */ = {
			isa = XCConfigurationList;
			buildConfigurations = (
				C4B4BD9329C5D7A100531216 /* Debug */,
				C4B4BD9429C5D7A100531216 /* Release */,
			);
			defaultConfigurationIsVisible = 0;
			defaultConfigurationName = Release;
		};
		C4B4BD9529C5D7A100531216 /* Build configuration list for PBXNativeTarget "Scrumdinger" */ = {
			isa = XCConfigurationList;
			buildConfigurations = (
				C4B4BD9629C5D7A100531216 /* Debug */,
				C4B4BD9729C5D7A100531216 /* Release */,
			);
			defaultConfigurationIsVisible = 0;
			defaultConfigurationName = Release;
		};
/* End XCConfigurationList section */
	};
	rootObject = C4B4BD7F29C5D79B00531216 /* Project object */;
}
