// !$*UTF8*$!
{
	archiveVersion = 1;
	classes = {
	};
	objectVersion = 55;
	objects = {

/* Begin PBXBuildFile section */
		C488661F292241E80081274C /* NewDogView.swift in Sources */ = {isa = PBXBuildFile; fileRef = C488661E292241E80081274C /* NewDogView.swift */; };
		C494539A291D3F8F003F422A /* FirebaseLoginSaveApp.swift in Sources */ = {isa = PBXBuildFile; fileRef = C4945399291D3F8F003F422A /* FirebaseLoginSaveApp.swift */; };
		C494539C291D3F8F003F422A /* ContentView.swift in Sources */ = {isa = PBXBuildFile; fileRef = C494539B291D3F8F003F422A /* ContentView.swift */; };
		C494539E291D3F94003F422A /* Assets.xcassets in Resources */ = {isa = PBXBuildFile; fileRef = C494539D291D3F94003F422A /* Assets.xcassets */; };
		C49453A1291D3F94003F422A /* Preview Assets.xcassets in Resources */ = {isa = PBXBuildFile; fileRef = C49453A0291D3F94003F422A /* Preview Assets.xcassets */; };
		C49D094D291E07010098EC4F /* GoogleService-Info.plist in Resources */ = {isa = PBXBuildFile; fileRef = C49D094C291E07010098EC4F /* GoogleService-Info.plist */; };
		C49D0950291E2C010098EC4F /* FirebaseAuth in Frameworks */ = {isa = PBXBuildFile; productRef = C49D094F291E2C010098EC4F /* FirebaseAuth */; };
		C49D0952291E2C010098EC4F /* FirebaseFirestore in Frameworks */ = {isa = PBXBuildFile; productRef = C49D0951291E2C010098EC4F /* FirebaseFirestore */; };
		C49D0954291F60C90098EC4F /* ListView.swift in Sources */ = {isa = PBXBuildFile; fileRef = C49D0953291F60C90098EC4F /* ListView.swift */; };
		C49D0956291F67450098EC4F /* Dog.swift in Sources */ = {isa = PBXBuildFile; fileRef = C49D0955291F67450098EC4F /* Dog.swift */; };
		C49D0958291FA14F0098EC4F /* DataManager.swift in Sources */ = {isa = PBXBuildFile; fileRef = C49D0957291FA14F0098EC4F /* DataManager.swift */; };
/* End PBXBuildFile section */

/* Begin PBXFileReference section */
		C488661E292241E80081274C /* NewDogView.swift */ = {isa = PBXFileReference; lastKnownFileType = sourcecode.swift; path = NewDogView.swift; sourceTree = "<group>"; };
		C4945396291D3F8F003F422A /* FirebaseLoginSave.app */ = {isa = PBXFileReference; explicitFileType = wrapper.application; includeInIndex = 0; path = FirebaseLoginSave.app; sourceTree = BUILT_PRODUCTS_DIR; };
		C4945399291D3F8F003F422A /* FirebaseLoginSaveApp.swift */ = {isa = PBXFileReference; lastKnownFileType = sourcecode.swift; path = FirebaseLoginSaveApp.swift; sourceTree = "<group>"; };
		C494539B291D3F8F003F422A /* ContentView.swift */ = {isa = PBXFileReference; lastKnownFileType = sourcecode.swift; path = ContentView.swift; sourceTree = "<group>"; };
		C494539D291D3F94003F422A /* Assets.xcassets */ = {isa = PBXFileReference; lastKnownFileType = folder.assetcatalog; path = Assets.xcassets; sourceTree = "<group>"; };
		C49453A0291D3F94003F422A /* Preview Assets.xcassets */ = {isa = PBXFileReference; lastKnownFileType = folder.assetcatalog; path = "Preview Assets.xcassets"; sourceTree = "<group>"; };
		C49D094C291E07010098EC4F /* GoogleService-Info.plist */ = {isa = PBXFileReference; fileEncoding = 4; lastKnownFileType = text.plist.xml; path = "GoogleService-Info.plist"; sourceTree = "<group>"; };
		C49D0953291F60C90098EC4F /* ListView.swift */ = {isa = PBXFileReference; lastKnownFileType = sourcecode.swift; path = ListView.swift; sourceTree = "<group>"; };
		C49D0955291F67450098EC4F /* Dog.swift */ = {isa = PBXFileReference; lastKnownFileType = sourcecode.swift; path = Dog.swift; sourceTree = "<group>"; };
		C49D0957291FA14F0098EC4F /* DataManager.swift */ = {isa = PBXFileReference; lastKnownFileType = sourcecode.swift; path = DataManager.swift; sourceTree = "<group>"; };
/* End PBXFileReference section */

/* Begin PBXFrameworksBuildPhase section */
		C4945393291D3F8F003F422A /* Frameworks */ = {
			isa = PBXFrameworksBuildPhase;
			buildActionMask = 2147483647;
			files = (
				C49D0950291E2C010098EC4F /* FirebaseAuth in Frameworks */,
				C49D0952291E2C010098EC4F /* FirebaseFirestore in Frameworks */,
			);
			runOnlyForDeploymentPostprocessing = 0;
		};
/* End PBXFrameworksBuildPhase section */

/* Begin PBXGroup section */
		C494538D291D3F8F003F422A = {
			isa = PBXGroup;
			children = (
				C4945398291D3F8F003F422A /* FirebaseLoginSave */,
				C4945397291D3F8F003F422A /* Products */,
			);
			sourceTree = "<group>";
		};
		C4945397291D3F8F003F422A /* Products */ = {
			isa = PBXGroup;
			children = (
				C4945396291D3F8F003F422A /* FirebaseLoginSave.app */,
			);
			name = Products;
			sourceTree = "<group>";
		};
		C4945398291D3F8F003F422A /* FirebaseLoginSave */ = {
			isa = PBXGroup;
			children = (
				C4945399291D3F8F003F422A /* FirebaseLoginSaveApp.swift */,
				C494539B291D3F8F003F422A /* ContentView.swift */,
				C49D0953291F60C90098EC4F /* ListView.swift */,
				C49D0955291F67450098EC4F /* Dog.swift */,
				C488661E292241E80081274C /* NewDogView.swift */,
				C49D0957291FA14F0098EC4F /* DataManager.swift */,
				C494539D291D3F94003F422A /* Assets.xcassets */,
				C49D094C291E07010098EC4F /* GoogleService-Info.plist */,
				C494539F291D3F94003F422A /* Preview Content */,
			);
			path = FirebaseLoginSave;
			sourceTree = "<group>";
		};
		C494539F291D3F94003F422A /* Preview Content */ = {
			isa = PBXGroup;
			children = (
				C49453A0291D3F94003F422A /* Preview Assets.xcassets */,
			);
			path = "Preview Content";
			sourceTree = "<group>";
		};
/* End PBXGroup section */

/* Begin PBXNativeTarget section */
		C4945395291D3F8F003F422A /* FirebaseLoginSave */ = {
			isa = PBXNativeTarget;
			buildConfigurationList = C49453A4291D3F94003F422A /* Build configuration list for PBXNativeTarget "FirebaseLoginSave" */;
			buildPhases = (
				C4945392291D3F8F003F422A /* Sources */,
				C4945393291D3F8F003F422A /* Frameworks */,
				C4945394291D3F8F003F422A /* Resources */,
			);
			buildRules = (
			);
			dependencies = (
			);
			name = FirebaseLoginSave;
			packageProductDependencies = (
				C49D094F291E2C010098EC4F /* FirebaseAuth */,
				C49D0951291E2C010098EC4F /* FirebaseFirestore */,
			);
			productName = FirebaseLoginSave;
			productReference = C4945396291D3F8F003F422A /* FirebaseLoginSave.app */;
			productType = "com.apple.product-type.application";
		};
/* End PBXNativeTarget section */

/* Begin PBXProject section */
		C494538E291D3F8F003F422A /* Project object */ = {
			isa = PBXProject;
			attributes = {
				BuildIndependentTargetsInParallel = 1;
				LastSwiftUpdateCheck = 1300;
				LastUpgradeCheck = 1300;
				TargetAttributes = {
					C4945395291D3F8F003F422A = {
						CreatedOnToolsVersion = 13.0;
					};
				};
			};
			buildConfigurationList = C4945391291D3F8F003F422A /* Build configuration list for PBXProject "FirebaseLoginSave" */;
			compatibilityVersion = "Xcode 13.0";
			developmentRegion = en;
			hasScannedForEncodings = 0;
			knownRegions = (
				en,
				Base,
			);
			mainGroup = C494538D291D3F8F003F422A;
			packageReferences = (
				C49D094E291E2C010098EC4F /* XCRemoteSwiftPackageReference "firebase-ios-sdk" */,
			);
			productRefGroup = C4945397291D3F8F003F422A /* Products */;
			projectDirPath = "";
			projectRoot = "";
			targets = (
				C4945395291D3F8F003F422A /* FirebaseLoginSave */,
			);
		};
/* End PBXProject section */

/* Begin PBXResourcesBuildPhase section */
		C4945394291D3F8F003F422A /* Resources */ = {
			isa = PBXResourcesBuildPhase;
			buildActionMask = 2147483647;
			files = (
				C49453A1291D3F94003F422A /* Preview Assets.xcassets in Resources */,
				C494539E291D3F94003F422A /* Assets.xcassets in Resources */,
				C49D094D291E07010098EC4F /* GoogleService-Info.plist in Resources */,
			);
			runOnlyForDeploymentPostprocessing = 0;
		};
/* End PBXResourcesBuildPhase section */

/* Begin PBXSourcesBuildPhase section */
		C4945392291D3F8F003F422A /* Sources */ = {
			isa = PBXSourcesBuildPhase;
			buildActionMask = 2147483647;
			files = (
				C488661F292241E80081274C /* NewDogView.swift in Sources */,
				C494539C291D3F8F003F422A /* ContentView.swift in Sources */,
				C49D0958291FA14F0098EC4F /* DataManager.swift in Sources */,
				C494539A291D3F8F003F422A /* FirebaseLoginSaveApp.swift in Sources */,
				C49D0956291F67450098EC4F /* Dog.swift in Sources */,
				C49D0954291F60C90098EC4F /* ListView.swift in Sources */,
			);
			runOnlyForDeploymentPostprocessing = 0;
		};
/* End PBXSourcesBuildPhase section */

/* Begin XCBuildConfiguration section */
		C49453A2291D3F94003F422A /* Debug */ = {
			isa = XCBuildConfiguration;
			buildSettings = {
				ALWAYS_SEARCH_USER_PATHS = NO;
				CLANG_ANALYZER_NONNULL = YES;
				CLANG_ANALYZER_NUMBER_OBJECT_CONVERSION = YES_AGGRESSIVE;
				CLANG_CXX_LANGUAGE_STANDARD = "gnu++17";
				CLANG_CXX_LIBRARY = "libc++";
				CLANG_ENABLE_MODULES = YES;
				CLANG_ENABLE_OBJC_ARC = YES;
				CLANG_ENABLE_OBJC_WEAK = YES;
				CLANG_WARN_BLOCK_CAPTURE_AUTORELEASING = YES;
				CLANG_WARN_BOOL_CONVERSION = YES;
				CLANG_WARN_COMMA = YES;
				CLANG_WARN_CONSTANT_CONVERSION = YES;
				CLANG_WARN_DEPRECATED_OBJC_IMPLEMENTATIONS = YES;
				CLANG_WARN_DIRECT_OBJC_ISA_USAGE = YES_ERROR;
				CLANG_WARN_DOCUMENTATION_COMMENTS = YES;
				CLANG_WARN_EMPTY_BODY = YES;
				CLANG_WARN_ENUM_CONVERSION = YES;
				CLANG_WARN_INFINITE_RECURSION = YES;
				CLANG_WARN_INT_CONVERSION = YES;
				CLANG_WARN_NON_LITERAL_NULL_CONVERSION = YES;
				CLANG_WARN_OBJC_IMPLICIT_RETAIN_SELF = YES;
				CLANG_WARN_OBJC_LITERAL_CONVERSION = YES;
				CLANG_WARN_OBJC_ROOT_CLASS = YES_ERROR;
				CLANG_WARN_QUOTED_INCLUDE_IN_FRAMEWORK_HEADER = YES;
				CLANG_WARN_RANGE_LOOP_ANALYSIS = YES;
				CLANG_WARN_STRICT_PROTOTYPES = YES;
				CLANG_WARN_SUSPICIOUS_MOVE = YES;
				CLANG_WARN_UNGUARDED_AVAILABILITY = YES_AGGRESSIVE;
				CLANG_WARN_UNREACHABLE_CODE = YES;
				CLANG_WARN__DUPLICATE_METHOD_MATCH = YES;
				COPY_PHASE_STRIP = NO;
				DEBUG_INFORMATION_FORMAT = dwarf;
				ENABLE_STRICT_OBJC_MSGSEND = YES;
				ENABLE_TESTABILITY = YES;
				GCC_C_LANGUAGE_STANDARD = gnu11;
				GCC_DYNAMIC_NO_PIC = NO;
				GCC_NO_COMMON_BLOCKS = YES;
				GCC_OPTIMIZATION_LEVEL = 0;
				GCC_PREPROCESSOR_DEFINITIONS = (
					"DEBUG=1",
					"$(inherited)",
				);
				GCC_WARN_64_TO_32_BIT_CONVERSION = YES;
				GCC_WARN_ABOUT_RETURN_TYPE = YES_ERROR;
				GCC_WARN_UNDECLARED_SELECTOR = YES;
				GCC_WARN_UNINITIALIZED_AUTOS = YES_AGGRESSIVE;
				GCC_WARN_UNUSED_FUNCTION = YES;
				GCC_WARN_UNUSED_VARIABLE = YES;
				IPHONEOS_DEPLOYMENT_TARGET = 15.0;
				MTL_ENABLE_DEBUG_INFO = INCLUDE_SOURCE;
				MTL_FAST_MATH = YES;
				ONLY_ACTIVE_ARCH = YES;
				SDKROOT = iphoneos;
				SWIFT_ACTIVE_COMPILATION_CONDITIONS = DEBUG;
				SWIFT_OPTIMIZATION_LEVEL = "-Onone";
			};
			name = Debug;
		};
		C49453A3291D3F94003F422A /* Release */ = {
			isa = XCBuildConfiguration;
			buildSettings = {
				ALWAYS_SEARCH_USER_PATHS = NO;
				CLANG_ANALYZER_NONNULL = YES;
				CLANG_ANALYZER_NUMBER_OBJECT_CONVERSION = YES_AGGRESSIVE;
				CLANG_CXX_LANGUAGE_STANDARD = "gnu++17";
				CLANG_CXX_LIBRARY = "libc++";
				CLANG_ENABLE_MODULES = YES;
				CLANG_ENABLE_OBJC_ARC = YES;
				CLANG_ENABLE_OBJC_WEAK = YES;
				CLANG_WARN_BLOCK_CAPTURE_AUTORELEASING = YES;
				CLANG_WARN_BOOL_CONVERSION = YES;
				CLANG_WARN_COMMA = YES;
				CLANG_WARN_CONSTANT_CONVERSION = YES;
				CLANG_WARN_DEPRECATED_OBJC_IMPLEMENTATIONS = YES;
				CLANG_WARN_DIRECT_OBJC_ISA_USAGE = YES_ERROR;
				CLANG_WARN_DOCUMENTATION_COMMENTS = YES;
				CLANG_WARN_EMPTY_BODY = YES;
				CLANG_WARN_ENUM_CONVERSION = YES;
				CLANG_WARN_INFINITE_RECURSION = YES;
				CLANG_WARN_INT_CONVERSION = YES;
				CLANG_WARN_NON_LITERAL_NULL_CONVERSION = YES;
				CLANG_WARN_OBJC_IMPLICIT_RETAIN_SELF = YES;
				CLANG_WARN_OBJC_LITERAL_CONVERSION = YES;
				CLANG_WARN_OBJC_ROOT_CLASS = YES_ERROR;
				CLANG_WARN_QUOTED_INCLUDE_IN_FRAMEWORK_HEADER = YES;
				CLANG_WARN_RANGE_LOOP_ANALYSIS = YES;
				CLANG_WARN_STRICT_PROTOTYPES = YES;
				CLANG_WARN_SUSPICIOUS_MOVE = YES;
				CLANG_WARN_UNGUARDED_AVAILABILITY = YES_AGGRESSIVE;
				CLANG_WARN_UNREACHABLE_CODE = YES;
				CLANG_WARN__DUPLICATE_METHOD_MATCH = YES;
				COPY_PHASE_STRIP = NO;
				DEBUG_INFORMATION_FORMAT = "dwarf-with-dsym";
				ENABLE_NS_ASSERTIONS = NO;
				ENABLE_STRICT_OBJC_MSGSEND = YES;
				GCC_C_LANGUAGE_STANDARD = gnu11;
				GCC_NO_COMMON_BLOCKS = YES;
				GCC_WARN_64_TO_32_BIT_CONVERSION = YES;
				GCC_WARN_ABOUT_RETURN_TYPE = YES_ERROR;
				GCC_WARN_UNDECLARED_SELECTOR = YES;
				GCC_WARN_UNINITIALIZED_AUTOS = YES_AGGRESSIVE;
				GCC_WARN_UNUSED_FUNCTION = YES;
				GCC_WARN_UNUSED_VARIABLE = YES;
				IPHONEOS_DEPLOYMENT_TARGET = 15.0;
				MTL_ENABLE_DEBUG_INFO = NO;
				MTL_FAST_MATH = YES;
				SDKROOT = iphoneos;
				SWIFT_COMPILATION_MODE = wholemodule;
				SWIFT_OPTIMIZATION_LEVEL = "-O";
				VALIDATE_PRODUCT = YES;
			};
			name = Release;
		};
		C49453A5291D3F94003F422A /* Debug */ = {
			isa = XCBuildConfiguration;
			buildSettings = {
				ASSETCATALOG_COMPILER_APPICON_NAME = AppIcon;
				ASSETCATALOG_COMPILER_GLOBAL_ACCENT_COLOR_NAME = AccentColor;
				CODE_SIGN_STYLE = Automatic;
				CURRENT_PROJECT_VERSION = 1;
				DEVELOPMENT_ASSET_PATHS = "\"FirebaseLoginSave/Preview Content\"";
				DEVELOPMENT_TEAM = 98KJ8KHPB4;
				ENABLE_PREVIEWS = YES;
				GENERATE_INFOPLIST_FILE = YES;
				INFOPLIST_KEY_UIApplicationSceneManifest_Generation = YES;
				INFOPLIST_KEY_UIApplicationSupportsIndirectInputEvents = YES;
				INFOPLIST_KEY_UILaunchScreen_Generation = YES;
				INFOPLIST_KEY_UISupportedInterfaceOrientations_iPad = "UIInterfaceOrientationPortrait UIInterfaceOrientationPortraitUpsideDown UIInterfaceOrientationLandscapeLeft UIInterfaceOrientationLandscapeRight";
				INFOPLIST_KEY_UISupportedInterfaceOrientations_iPhone = "UIInterfaceOrientationPortrait UIInterfaceOrientationLandscapeLeft UIInterfaceOrientationLandscapeRight";
				IPHONEOS_DEPLOYMENT_TARGET = 14.0;
				LD_RUNPATH_SEARCH_PATHS = (
					"$(inherited)",
					"@executable_path/Frameworks",
				);
				MARKETING_VERSION = 1.0;
				PRODUCT_BUNDLE_IDENTIFIER = swiftUI.halder.manajit.FirebaseLoginSave;
				PRODUCT_NAME = "$(TARGET_NAME)";
				SWIFT_EMIT_LOC_STRINGS = YES;
				SWIFT_VERSION = 5.0;
				TARGETED_DEVICE_FAMILY = "1,2";
			};
			name = Debug;
		};
		C49453A6291D3F94003F422A /* Release */ = {
			isa = XCBuildConfiguration;
			buildSettings = {
				ASSETCATALOG_COMPILER_APPICON_NAME = AppIcon;
				ASSETCATALOG_COMPILER_GLOBAL_ACCENT_COLOR_NAME = AccentColor;
				CODE_SIGN_STYLE = Automatic;
				CURRENT_PROJECT_VERSION = 1;
				DEVELOPMENT_ASSET_PATHS = "\"FirebaseLoginSave/Preview Content\"";
				DEVELOPMENT_TEAM = 98KJ8KHPB4;
				ENABLE_PREVIEWS = YES;
				GENERATE_INFOPLIST_FILE = YES;
				INFOPLIST_KEY_UIApplicationSceneManifest_Generation = YES;
				INFOPLIST_KEY_UIApplicationSupportsIndirectInputEvents = YES;
				INFOPLIST_KEY_UILaunchScreen_Generation = YES;
				INFOPLIST_KEY_UISupportedInterfaceOrientations_iPad = "UIInterfaceOrientationPortrait UIInterfaceOrientationPortraitUpsideDown UIInterfaceOrientationLandscapeLeft UIInterfaceOrientationLandscapeRight";
				INFOPLIST_KEY_UISupportedInterfaceOrientations_iPhone = "UIInterfaceOrientationPortrait UIInterfaceOrientationLandscapeLeft UIInterfaceOrientationLandscapeRight";
				IPHONEOS_DEPLOYMENT_TARGET = 14.0;
				LD_RUNPATH_SEARCH_PATHS = (
					"$(inherited)",
					"@executable_path/Frameworks",
				);
				MARKETING_VERSION = 1.0;
				PRODUCT_BUNDLE_IDENTIFIER = swiftUI.halder.manajit.FirebaseLoginSave;
				PRODUCT_NAME = "$(TARGET_NAME)";
				SWIFT_EMIT_LOC_STRINGS = YES;
				SWIFT_VERSION = 5.0;
				TARGETED_DEVICE_FAMILY = "1,2";
			};
			name = Release;
		};
/* End XCBuildConfiguration section */

/* Begin XCConfigurationList section */
		C4945391291D3F8F003F422A /* Build configuration list for PBXProject "FirebaseLoginSave" */ = {
			isa = XCConfigurationList;
			buildConfigurations = (
				C49453A2291D3F94003F422A /* Debug */,
				C49453A3291D3F94003F422A /* Release */,
			);
			defaultConfigurationIsVisible = 0;
			defaultConfigurationName = Release;
		};
		C49453A4291D3F94003F422A /* Build configuration list for PBXNativeTarget "FirebaseLoginSave" */ = {
			isa = XCConfigurationList;
			buildConfigurations = (
				C49453A5291D3F94003F422A /* Debug */,
				C49453A6291D3F94003F422A /* Release */,
			);
			defaultConfigurationIsVisible = 0;
			defaultConfigurationName = Release;
		};
/* End XCConfigurationList section */

/* Begin XCRemoteSwiftPackageReference section */
		C49D094E291E2C010098EC4F /* XCRemoteSwiftPackageReference "firebase-ios-sdk" */ = {
			isa = XCRemoteSwiftPackageReference;
			repositoryURL = "https://github.com/firebase/firebase-ios-sdk";
			requirement = {
				kind = upToNextMajorVersion;
				minimumVersion = 8.0.0;
			};
		};
/* End XCRemoteSwiftPackageReference section */

/* Begin XCSwiftPackageProductDependency section */
		C49D094F291E2C010098EC4F /* FirebaseAuth */ = {
			isa = XCSwiftPackageProductDependency;
			package = C49D094E291E2C010098EC4F /* XCRemoteSwiftPackageReference "firebase-ios-sdk" */;
			productName = FirebaseAuth;
		};
		C49D0951291E2C010098EC4F /* FirebaseFirestore */ = {
			isa = XCSwiftPackageProductDependency;
			package = C49D094E291E2C010098EC4F /* XCRemoteSwiftPackageReference "firebase-ios-sdk" */;
			productName = FirebaseFirestore;
		};
/* End XCSwiftPackageProductDependency section */
	};
	rootObject = C494538E291D3F8F003F422A /* Project object */;
}
